
Microsoft Visual Studio Solution File, Format Version 12.00
# Visual Studio 15
VisualStudioVersion = 15.0.27703.2035
MinimumVisualStudioVersion = 10.0.40219.1
Project("{9A19103F-16F7-4668-BE54-9A1E7A4F7556}") = "ChipEight", "ChipEight\ChipEight.csproj", "{ECD9A82F-77C0-4BBC-BC45-38F75D14919E}"
EndProject
Project("{FAE04EC0-301F-11D3-BF4B-00C04F79EFBC}") = "ChipEight.ConsoleApp", "ChipEight.ConsoleApp\ChipEight.ConsoleApp.csproj", "{AA7360C7-8503-4882-AB6D-C2D80F8667B7}"
EndProject
Project("{FAE04EC0-301F-11D3-BF4B-00C04F79EFBC}") = "ChipEight.Test", "ChipEight.Test\ChipEight.Test.csproj", "{BCE90633-F4C1-44E7-9327-973693BD2D7A}"
EndProject
Global
	GlobalSection(SolutionConfigurationPlatforms) = preSolution
		Debug|Any CPU = Debug|Any CPU
		Release|Any CPU = Release|Any CPU
	EndGlobalSection
	GlobalSection(ProjectConfigurationPlatforms) = postSolution
		{ECD9A82F-77C0-4BBC-BC45-38F75D14919E}.Debug|Any CPU.ActiveCfg = Debug|Any CPU
		{ECD9A82F-77C0-4BBC-BC45-38F75D14919E}.Debug|Any CPU.Build.0 = Debug|Any CPU
		{ECD9A82F-77C0-4BBC-BC45-38F75D14919E}.Release|Any CPU.ActiveCfg = Release|Any CPU
		{ECD9A82F-77C0-4BBC-BC45-38F75D14919E}.Release|Any CPU.Build.0 = Release|Any CPU
		{AA7360C7-8503-4882-AB6D-C2D80F8667B7}.Debug|Any CPU.ActiveCfg = Debug|Any CPU
		{AA7360C7-8503-4882-AB6D-C2D80F8667B7}.Debug|Any CPU.Build.0 = Debug|Any CPU
		{AA7360C7-8503-4882-AB6D-C2D80F8667B7}.Release|Any CPU.ActiveCfg = Release|Any CPU
		{AA7360C7-8503-4882-AB6D-C2D80F8667B7}.Release|Any CPU.Build.0 = Release|Any CPU
		{BCE90633-F4C1-44E7-9327-973693BD2D7A}.Debug|Any CPU.ActiveCfg = Debug|Any CPU
		{BCE90633-F4C1-44E7-9327-973693BD2D7A}.Debug|Any CPU.Build.0 = Debug|Any CPU
		{BCE90633-F4C1-44E7-9327-973693BD2D7A}.Release|Any CPU.ActiveCfg = Release|Any CPU
		{BCE90633-F4C1-44E7-9327-973693BD2D7A}.Release|Any CPU.Build.0 = Release|Any CPU
	EndGlobalSection
	GlobalSection(SolutionProperties) = preSolution
		HideSolutionNode = FALSE
	EndGlobalSection
	GlobalSection(ExtensibilityGlobals) = postSolution
		SolutionGuid = {75C18D62-4411-4009-9BBC-E605DE2F70C2}
	EndGlobalSection
EndGlobal
